
Microsoft Visual Studio Solution File, Format Version 12.00
# Visual Studio Version 16
VisualStudioVersion = 16.0.33214.272
MinimumVisualStudioVersion = 10.0.40219.1
Project("{FAE04EC0-301F-11D3-BF4B-00C04F79EFBC}") = "Mission04_msperry6", "Mission04_msperry6.csproj", "{31E85775-21F0-4325-865A-8064FD9206E7}"
EndProject
Global
	GlobalSection(SolutionConfigurationPlatforms) = preSolution
		Debug|Any CPU = Debug|Any CPU
		Release|Any CPU = Release|Any CPU
	EndGlobalSection
	GlobalSection(ProjectConfigurationPlatforms) = postSolution
		{31E85775-21F0-4325-865A-8064FD9206E7}.Debug|Any CPU.ActiveCfg = Debug|Any CPU
		{31E85775-21F0-4325-865A-8064FD9206E7}.Debug|Any CPU.Build.0 = Debug|Any CPU
		{31E85775-21F0-4325-865A-8064FD9206E7}.Release|Any CPU.ActiveCfg = Release|Any CPU
		{31E85775-21F0-4325-865A-8064FD9206E7}.Release|Any CPU.Build.0 = Release|Any CPU
	EndGlobalSection
	GlobalSection(SolutionProperties) = preSolution
		HideSolutionNode = FALSE
	EndGlobalSection
	GlobalSection(ExtensibilityGlobals) = postSolution
		SolutionGuid = {457F5A07-AC69-477D-9401-15AB2B417BDA}
	EndGlobalSection
EndGlobal
